
Microsoft Visual Studio Solution File, Format Version 12.00
# Visual Studio Version 17
VisualStudioVersion = 17.4.33213.308
MinimumVisualStudioVersion = 10.0.40219.1
Project("{2150E333-8FDC-42A3-9474-1A3956D46DE8}") = "1 - Apresentação", "1 - Apresentação", "{A2EA4103-FF05-4CF9-8011-8AF73A5B9EC8}"
EndProject
Project("{2150E333-8FDC-42A3-9474-1A3956D46DE8}") = "2 - Aplicação", "2 - Aplicação", "{9DF12F0D-4C7B-4EAD-9B4D-D88A356D448B}"
EndProject
Project("{2150E333-8FDC-42A3-9474-1A3956D46DE8}") = "3 - Solução", "3 - Solução", "{C06148F4-15C2-44AF-9C80-F633DCAF3920}"
EndProject
Project("{2150E333-8FDC-42A3-9474-1A3956D46DE8}") = "4 - Infraestrutura", "4 - Infraestrutura", "{A6839E73-8B9E-4684-84E6-E09A1F974B52}"
EndProject
Project("{2150E333-8FDC-42A3-9474-1A3956D46DE8}") = "5 - Cross-Cutting", "5 - Cross-Cutting", "{323BFDAC-6243-4C15-A95B-32B138DD8FB0}"
EndProject
Project("{2150E333-8FDC-42A3-9474-1A3956D46DE8}") = "6 - Dependências Externas", "6 - Dependências Externas", "{DE0F06B2-680C-4A67-AFD8-15B3436C0EA9}"
EndProject
Project("{2150E333-8FDC-42A3-9474-1A3956D46DE8}") = "7 - Recursos", "7 - Recursos", "{5F885708-58C7-498C-8B8F-AEB59FA757A5}"
	ProjectSection(SolutionItems) = preProject
		.editorconfig = .editorconfig
		.gitattributes = .gitattributes
		.gitignore = .gitignore
		README.md = README.md
	EndProjectSection
EndProject
Project("{9A19103F-16F7-4668-BE54-9A1E7A4F7556}") = "System.Extensions", ".net\src\System.Extensions\System.Extensions.csproj", "{D7547D16-4A37-4105-8117-DD5B1BFE5290}"
EndProject
Project("{2150E333-8FDC-42A3-9474-1A3956D46DE8}") = "Data Services", "Data Services", "{8E30F4E5-F7AE-42E1-9C28-DD719E6316FC}"
EndProject
Project("{2150E333-8FDC-42A3-9474-1A3956D46DE8}") = "Integration Services", "Integration Services", "{A1BE6DF6-2713-4E69-ABB0-C3CBBBA39FC0}"
EndProject
Project("{9A19103F-16F7-4668-BE54-9A1E7A4F7556}") = "MeuPonto.WebApp", ".net\src\MeuPonto.WebApp\MeuPonto.WebApp.csproj", "{0B4118D1-CB5E-43E3-9F1D-310C3255F5CC}"
EndProject
Project("{9A19103F-16F7-4668-BE54-9A1E7A4F7556}") = "MeuPonto.EntityFrameworkCore.SqlServer", ".net\src\MeuPonto.EntityFrameworkCore.SqlServer\MeuPonto.EntityFrameworkCore.SqlServer.csproj", "{1F0DF724-F874-47C5-AF5D-008B06355C96}"
EndProject
Project("{FAE04EC0-301F-11D3-BF4B-00C04F79EFBC}") = "MeuPonto.WinForms", ".net\src\MeuPonto.WinForms\MeuPonto.WinForms.csproj", "{8D1EC29B-1AD9-4EC5-8EAD-76121F74B4B0}"
EndProject
Project("{9A19103F-16F7-4668-BE54-9A1E7A4F7556}") = "MeuPonto.WebApi", ".net\src\MeuPonto.WebApi\MeuPonto.WebApi.csproj", "{81D39A2A-ECAB-4AA4-B3D1-471C57AD4E23}"
EndProject
Project("{9A19103F-16F7-4668-BE54-9A1E7A4F7556}") = "MeuPonto.EntityFrameworkCore.Cosmos", ".net\src\MeuPonto.EntityFrameworkCore.Cosmos\MeuPonto.EntityFrameworkCore.Cosmos.csproj", "{869E2EBA-74BF-429A-B79C-6338D1510A9B}"
EndProject
Project("{9A19103F-16F7-4668-BE54-9A1E7A4F7556}") = "MeuPonto.Web", ".net\src\MeuPonto.Web\MeuPonto.Web.csproj", "{0949F008-34E0-48AE-84FB-738069731F0E}"
EndProject
Project("{2150E333-8FDC-42A3-9474-1A3956D46DE8}") = "0 - Especificação", "0 - Especificação", "{96AC4030-DACF-4EDF-87A5-46C0C4834F8A}"
EndProject
Project("{9A19103F-16F7-4668-BE54-9A1E7A4F7556}") = "MeuPonto.Specs", "specs\MeuPonto.Specs\MeuPonto.Specs.csproj", "{76329E4D-7AE1-46C7-9D8C-432E541AA4E5}"
EndProject
Project("{9A19103F-16F7-4668-BE54-9A1E7A4F7556}") = "MeuPonto.Web.Tests", ".net\tests\MeuPonto.Web.Tests\MeuPonto.Web.Tests.csproj", "{E3DC65FC-BF57-46FE-9C06-600A2E71D90F}"
EndProject
Project("{9A19103F-16F7-4668-BE54-9A1E7A4F7556}") = "MeuPonto.EntityFrameworkCore.Sqlite", ".net\src\MeuPonto.EntityFrameworkCore.Sqlite\MeuPonto.EntityFrameworkCore.Sqlite.csproj", "{6EBCC26B-41AD-4C64-B87B-52AF1475515B}"
EndProject
Project("{9A19103F-16F7-4668-BE54-9A1E7A4F7556}") = "MeuPonto.Desktop", ".net\src\MeuPonto.Desktop\MeuPonto.Desktop.csproj", "{8A01260C-C083-4296-B6F5-01E1FCEA3CA5}"
EndProject
Project("{9A19103F-16F7-4668-BE54-9A1E7A4F7556}") = "System.Xaml.Extensions", ".net\src\System.Xaml.Extensions\System.Xaml.Extensions.csproj", "{B40192ED-5654-4615-8EA9-57C34E082615}"
EndProject
Project("{9A19103F-16F7-4668-BE54-9A1E7A4F7556}") = "MeuPonto.Specs.Web", "specs\MeuPonto.Specs.Web\MeuPonto.Specs.Web.csproj", "{EE2128E2-AF82-4C33-9026-1B19964C0B31}"
EndProject
Project("{9A19103F-16F7-4668-BE54-9A1E7A4F7556}") = "MeuPonto.SystemModel", "specs\MeuPonto.SystemModel\MeuPonto.SystemModel.csproj", "{A2C1BB9E-F2A6-4FBA-AC5F-5102D29E9720}"
EndProject
Project("{9A19103F-16F7-4668-BE54-9A1E7A4F7556}") = "MeuPonto.Specs.Desktop", "specs\MeuPonto.Specs.Desktop\MeuPonto.Specs.Desktop.csproj", "{DBF65EEF-8E80-4EA8-BDC2-2C43B8AA2666}"
EndProject
Project("{9A19103F-16F7-4668-BE54-9A1E7A4F7556}") = "MeuPonto.ConceptualModel", "specs\MeuPonto.ConceptualModel\MeuPonto.ConceptualModel.csproj", "{80CD0071-E920-40E1-A3E7-B19BD54054A8}"
EndProject
Project("{2150E333-8FDC-42A3-9474-1A3956D46DE8}") = "Document-Driven", "Document-Driven", "{FF754EF2-E8A3-4742-98BE-81E110031EC7}"
EndProject
Project("{2150E333-8FDC-42A3-9474-1A3956D46DE8}") = "Table-Driven (Global)", "Table-Driven (Global)", "{E52949B0-FCF3-4B10-9088-06D56B1ABB24}"
EndProject
Project("{2150E333-8FDC-42A3-9474-1A3956D46DE8}") = "Table-Driven (Identity)", "Table-Driven (Identity)", "{E3F7140A-7182-44AC-B973-009CC2419087}"
EndProject
Project("{2150E333-8FDC-42A3-9474-1A3956D46DE8}") = "With EntityFrameworkCore.Cosmos", "With EntityFrameworkCore.Cosmos", "{41444D5D-7E85-4F4F-A932-CBBDF78C2E8B}"
EndProject
Project("{2150E333-8FDC-42A3-9474-1A3956D46DE8}") = "With EntityFrameworkCore.Sqlite", "With EntityFrameworkCore.Sqlite", "{2CE91955-29CC-4C73-847D-84F8BD1AD202}"
EndProject
Project("{2150E333-8FDC-42A3-9474-1A3956D46DE8}") = "With EntityFrameworkCore.SqlServer", "With EntityFrameworkCore.SqlServer", "{EE87F91F-8788-4F39-8142-D6D75D2A64BE}"
EndProject
Project("{9A19103F-16F7-4668-BE54-9A1E7A4F7556}") = "MeuPonto.Mobile", ".net\src\MeuPonto.Mobile\MeuPonto.Mobile.csproj", "{81266EE2-E13A-409E-86BD-360C138DCA77}"
EndProject
Project("{2150E333-8FDC-42A3-9474-1A3956D46DE8}") = "With Data.SqlClient", "With Data.SqlClient", "{8B8DC84D-54BD-4CA2-806E-29537E101A25}"
EndProject
Project("{9A19103F-16F7-4668-BE54-9A1E7A4F7556}") = "MeuPonto.EntityFrameworkCore.Cosmos.Tests", ".net\tests\MeuPonto.EntityFrameworkCore.Cosmos.Tests\MeuPonto.EntityFrameworkCore.Cosmos.Tests.csproj", "{2AD72D87-36EA-45B6-9209-1A5FFA0D4FB3}"
EndProject
Project("{9A19103F-16F7-4668-BE54-9A1E7A4F7556}") = "MeuPonto.EntityFrameworkCore.Sqlite.Tests", ".net\tests\MeuPonto.EntityFrameworkCore.Sqlite.Tests\MeuPonto.EntityFrameworkCore.Sqlite.Tests.csproj", "{C0E03737-61DF-4300-B068-A231AB229A63}"
EndProject
Project("{9A19103F-16F7-4668-BE54-9A1E7A4F7556}") = "MeuPonto.EntityFrameworkCore.SqlServer.Tests", ".net\tests\MeuPonto.EntityFrameworkCore.SqlServer.Tests\MeuPonto.EntityFrameworkCore.SqlServer.Tests.csproj", "{C1FF8FEA-9B57-4E63-AEC2-AA8A308EA652}"
EndProject
Project("{FAE04EC0-301F-11D3-BF4B-00C04F79EFBC}") = "MeuPonto.Specs.WebApi", "specs\MeuPonto.Specs.WebApi\MeuPonto.Specs.WebApi.csproj", "{6A898C52-A010-479F-8443-5A3D0AC54786}"
EndProject
Global
	GlobalSection(SolutionConfigurationPlatforms) = preSolution
		Debug|Any CPU = Debug|Any CPU
		Release|Any CPU = Release|Any CPU
	EndGlobalSection
	GlobalSection(ProjectConfigurationPlatforms) = postSolution
		{D7547D16-4A37-4105-8117-DD5B1BFE5290}.Debug|Any CPU.ActiveCfg = Debug|Any CPU
		{D7547D16-4A37-4105-8117-DD5B1BFE5290}.Debug|Any CPU.Build.0 = Debug|Any CPU
		{D7547D16-4A37-4105-8117-DD5B1BFE5290}.Release|Any CPU.ActiveCfg = Release|Any CPU
		{D7547D16-4A37-4105-8117-DD5B1BFE5290}.Release|Any CPU.Build.0 = Release|Any CPU
		{0B4118D1-CB5E-43E3-9F1D-310C3255F5CC}.Debug|Any CPU.ActiveCfg = Debug|Any CPU
		{0B4118D1-CB5E-43E3-9F1D-310C3255F5CC}.Debug|Any CPU.Build.0 = Debug|Any CPU
		{0B4118D1-CB5E-43E3-9F1D-310C3255F5CC}.Release|Any CPU.ActiveCfg = Release|Any CPU
		{0B4118D1-CB5E-43E3-9F1D-310C3255F5CC}.Release|Any CPU.Build.0 = Release|Any CPU
		{1F0DF724-F874-47C5-AF5D-008B06355C96}.Debug|Any CPU.ActiveCfg = Debug|Any CPU
		{1F0DF724-F874-47C5-AF5D-008B06355C96}.Debug|Any CPU.Build.0 = Debug|Any CPU
		{1F0DF724-F874-47C5-AF5D-008B06355C96}.Release|Any CPU.ActiveCfg = Release|Any CPU
		{1F0DF724-F874-47C5-AF5D-008B06355C96}.Release|Any CPU.Build.0 = Release|Any CPU
		{8D1EC29B-1AD9-4EC5-8EAD-76121F74B4B0}.Debug|Any CPU.ActiveCfg = Debug|Any CPU
		{8D1EC29B-1AD9-4EC5-8EAD-76121F74B4B0}.Debug|Any CPU.Build.0 = Debug|Any CPU
		{8D1EC29B-1AD9-4EC5-8EAD-76121F74B4B0}.Release|Any CPU.ActiveCfg = Release|Any CPU
		{8D1EC29B-1AD9-4EC5-8EAD-76121F74B4B0}.Release|Any CPU.Build.0 = Release|Any CPU
		{81D39A2A-ECAB-4AA4-B3D1-471C57AD4E23}.Debug|Any CPU.ActiveCfg = Debug|Any CPU
		{81D39A2A-ECAB-4AA4-B3D1-471C57AD4E23}.Debug|Any CPU.Build.0 = Debug|Any CPU
		{81D39A2A-ECAB-4AA4-B3D1-471C57AD4E23}.Release|Any CPU.ActiveCfg = Release|Any CPU
		{81D39A2A-ECAB-4AA4-B3D1-471C57AD4E23}.Release|Any CPU.Build.0 = Release|Any CPU
		{869E2EBA-74BF-429A-B79C-6338D1510A9B}.Debug|Any CPU.ActiveCfg = Debug|Any CPU
		{869E2EBA-74BF-429A-B79C-6338D1510A9B}.Debug|Any CPU.Build.0 = Debug|Any CPU
		{869E2EBA-74BF-429A-B79C-6338D1510A9B}.Release|Any CPU.ActiveCfg = Release|Any CPU
		{869E2EBA-74BF-429A-B79C-6338D1510A9B}.Release|Any CPU.Build.0 = Release|Any CPU
		{0949F008-34E0-48AE-84FB-738069731F0E}.Debug|Any CPU.ActiveCfg = Debug|Any CPU
		{0949F008-34E0-48AE-84FB-738069731F0E}.Debug|Any CPU.Build.0 = Debug|Any CPU
		{0949F008-34E0-48AE-84FB-738069731F0E}.Release|Any CPU.ActiveCfg = Release|Any CPU
		{0949F008-34E0-48AE-84FB-738069731F0E}.Release|Any CPU.Build.0 = Release|Any CPU
		{76329E4D-7AE1-46C7-9D8C-432E541AA4E5}.Debug|Any CPU.ActiveCfg = Debug|Any CPU
		{76329E4D-7AE1-46C7-9D8C-432E541AA4E5}.Debug|Any CPU.Build.0 = Debug|Any CPU
		{76329E4D-7AE1-46C7-9D8C-432E541AA4E5}.Release|Any CPU.ActiveCfg = Release|Any CPU
		{76329E4D-7AE1-46C7-9D8C-432E541AA4E5}.Release|Any CPU.Build.0 = Release|Any CPU
		{E3DC65FC-BF57-46FE-9C06-600A2E71D90F}.Debug|Any CPU.ActiveCfg = Debug|Any CPU
		{E3DC65FC-BF57-46FE-9C06-600A2E71D90F}.Debug|Any CPU.Build.0 = Debug|Any CPU
		{E3DC65FC-BF57-46FE-9C06-600A2E71D90F}.Release|Any CPU.ActiveCfg = Release|Any CPU
		{E3DC65FC-BF57-46FE-9C06-600A2E71D90F}.Release|Any CPU.Build.0 = Release|Any CPU
		{6EBCC26B-41AD-4C64-B87B-52AF1475515B}.Debug|Any CPU.ActiveCfg = Debug|Any CPU
		{6EBCC26B-41AD-4C64-B87B-52AF1475515B}.Debug|Any CPU.Build.0 = Debug|Any CPU
		{6EBCC26B-41AD-4C64-B87B-52AF1475515B}.Release|Any CPU.ActiveCfg = Release|Any CPU
		{6EBCC26B-41AD-4C64-B87B-52AF1475515B}.Release|Any CPU.Build.0 = Release|Any CPU
		{8A01260C-C083-4296-B6F5-01E1FCEA3CA5}.Debug|Any CPU.ActiveCfg = Debug|Any CPU
		{8A01260C-C083-4296-B6F5-01E1FCEA3CA5}.Debug|Any CPU.Build.0 = Debug|Any CPU
		{8A01260C-C083-4296-B6F5-01E1FCEA3CA5}.Release|Any CPU.ActiveCfg = Release|Any CPU
		{8A01260C-C083-4296-B6F5-01E1FCEA3CA5}.Release|Any CPU.Build.0 = Release|Any CPU
		{B40192ED-5654-4615-8EA9-57C34E082615}.Debug|Any CPU.ActiveCfg = Debug|Any CPU
		{B40192ED-5654-4615-8EA9-57C34E082615}.Debug|Any CPU.Build.0 = Debug|Any CPU
		{B40192ED-5654-4615-8EA9-57C34E082615}.Release|Any CPU.ActiveCfg = Release|Any CPU
		{B40192ED-5654-4615-8EA9-57C34E082615}.Release|Any CPU.Build.0 = Release|Any CPU
		{EE2128E2-AF82-4C33-9026-1B19964C0B31}.Debug|Any CPU.ActiveCfg = Debug|Any CPU
		{EE2128E2-AF82-4C33-9026-1B19964C0B31}.Debug|Any CPU.Build.0 = Debug|Any CPU
		{EE2128E2-AF82-4C33-9026-1B19964C0B31}.Release|Any CPU.ActiveCfg = Release|Any CPU
		{EE2128E2-AF82-4C33-9026-1B19964C0B31}.Release|Any CPU.Build.0 = Release|Any CPU
		{A2C1BB9E-F2A6-4FBA-AC5F-5102D29E9720}.Debug|Any CPU.ActiveCfg = Debug|Any CPU
		{A2C1BB9E-F2A6-4FBA-AC5F-5102D29E9720}.Debug|Any CPU.Build.0 = Debug|Any CPU
		{A2C1BB9E-F2A6-4FBA-AC5F-5102D29E9720}.Release|Any CPU.ActiveCfg = Release|Any CPU
		{A2C1BB9E-F2A6-4FBA-AC5F-5102D29E9720}.Release|Any CPU.Build.0 = Release|Any CPU
		{DBF65EEF-8E80-4EA8-BDC2-2C43B8AA2666}.Debug|Any CPU.ActiveCfg = Debug|Any CPU
		{DBF65EEF-8E80-4EA8-BDC2-2C43B8AA2666}.Debug|Any CPU.Build.0 = Debug|Any CPU
		{DBF65EEF-8E80-4EA8-BDC2-2C43B8AA2666}.Release|Any CPU.ActiveCfg = Release|Any CPU
		{DBF65EEF-8E80-4EA8-BDC2-2C43B8AA2666}.Release|Any CPU.Build.0 = Release|Any CPU
		{80CD0071-E920-40E1-A3E7-B19BD54054A8}.Debug|Any CPU.ActiveCfg = Debug|Any CPU
		{80CD0071-E920-40E1-A3E7-B19BD54054A8}.Debug|Any CPU.Build.0 = Debug|Any CPU
		{80CD0071-E920-40E1-A3E7-B19BD54054A8}.Release|Any CPU.ActiveCfg = Release|Any CPU
		{80CD0071-E920-40E1-A3E7-B19BD54054A8}.Release|Any CPU.Build.0 = Release|Any CPU
		{81266EE2-E13A-409E-86BD-360C138DCA77}.Debug|Any CPU.ActiveCfg = Debug|Any CPU
		{81266EE2-E13A-409E-86BD-360C138DCA77}.Debug|Any CPU.Build.0 = Debug|Any CPU
		{81266EE2-E13A-409E-86BD-360C138DCA77}.Debug|Any CPU.Deploy.0 = Debug|Any CPU
		{81266EE2-E13A-409E-86BD-360C138DCA77}.Release|Any CPU.ActiveCfg = Release|Any CPU
		{81266EE2-E13A-409E-86BD-360C138DCA77}.Release|Any CPU.Build.0 = Release|Any CPU
		{81266EE2-E13A-409E-86BD-360C138DCA77}.Release|Any CPU.Deploy.0 = Release|Any CPU
		{2AD72D87-36EA-45B6-9209-1A5FFA0D4FB3}.Debug|Any CPU.ActiveCfg = Debug|Any CPU
		{2AD72D87-36EA-45B6-9209-1A5FFA0D4FB3}.Debug|Any CPU.Build.0 = Debug|Any CPU
		{2AD72D87-36EA-45B6-9209-1A5FFA0D4FB3}.Release|Any CPU.ActiveCfg = Release|Any CPU
		{2AD72D87-36EA-45B6-9209-1A5FFA0D4FB3}.Release|Any CPU.Build.0 = Release|Any CPU
		{C0E03737-61DF-4300-B068-A231AB229A63}.Debug|Any CPU.ActiveCfg = Debug|Any CPU
		{C0E03737-61DF-4300-B068-A231AB229A63}.Debug|Any CPU.Build.0 = Debug|Any CPU
		{C0E03737-61DF-4300-B068-A231AB229A63}.Release|Any CPU.ActiveCfg = Release|Any CPU
		{C0E03737-61DF-4300-B068-A231AB229A63}.Release|Any CPU.Build.0 = Release|Any CPU
		{C1FF8FEA-9B57-4E63-AEC2-AA8A308EA652}.Debug|Any CPU.ActiveCfg = Debug|Any CPU
		{C1FF8FEA-9B57-4E63-AEC2-AA8A308EA652}.Debug|Any CPU.Build.0 = Debug|Any CPU
		{C1FF8FEA-9B57-4E63-AEC2-AA8A308EA652}.Release|Any CPU.ActiveCfg = Release|Any CPU
		{C1FF8FEA-9B57-4E63-AEC2-AA8A308EA652}.Release|Any CPU.Build.0 = Release|Any CPU
		{6A898C52-A010-479F-8443-5A3D0AC54786}.Debug|Any CPU.ActiveCfg = Debug|Any CPU
		{6A898C52-A010-479F-8443-5A3D0AC54786}.Debug|Any CPU.Build.0 = Debug|Any CPU
		{6A898C52-A010-479F-8443-5A3D0AC54786}.Release|Any CPU.ActiveCfg = Release|Any CPU
		{6A898C52-A010-479F-8443-5A3D0AC54786}.Release|Any CPU.Build.0 = Release|Any CPU
	EndGlobalSection
	GlobalSection(SolutionProperties) = preSolution
		HideSolutionNode = FALSE
	EndGlobalSection
	GlobalSection(NestedProjects) = preSolution
		{D7547D16-4A37-4105-8117-DD5B1BFE5290} = {323BFDAC-6243-4C15-A95B-32B138DD8FB0}
		{8E30F4E5-F7AE-42E1-9C28-DD719E6316FC} = {A6839E73-8B9E-4684-84E6-E09A1F974B52}
		{A1BE6DF6-2713-4E69-ABB0-C3CBBBA39FC0} = {A6839E73-8B9E-4684-84E6-E09A1F974B52}
		{0B4118D1-CB5E-43E3-9F1D-310C3255F5CC} = {EE87F91F-8788-4F39-8142-D6D75D2A64BE}
		{1F0DF724-F874-47C5-AF5D-008B06355C96} = {E3F7140A-7182-44AC-B973-009CC2419087}
		{8D1EC29B-1AD9-4EC5-8EAD-76121F74B4B0} = {8B8DC84D-54BD-4CA2-806E-29537E101A25}
		{81D39A2A-ECAB-4AA4-B3D1-471C57AD4E23} = {EE87F91F-8788-4F39-8142-D6D75D2A64BE}
		{869E2EBA-74BF-429A-B79C-6338D1510A9B} = {FF754EF2-E8A3-4742-98BE-81E110031EC7}
		{0949F008-34E0-48AE-84FB-738069731F0E} = {41444D5D-7E85-4F4F-A932-CBBDF78C2E8B}
		{76329E4D-7AE1-46C7-9D8C-432E541AA4E5} = {96AC4030-DACF-4EDF-87A5-46C0C4834F8A}
		{E3DC65FC-BF57-46FE-9C06-600A2E71D90F} = {41444D5D-7E85-4F4F-A932-CBBDF78C2E8B}
		{6EBCC26B-41AD-4C64-B87B-52AF1475515B} = {E52949B0-FCF3-4B10-9088-06D56B1ABB24}
		{8A01260C-C083-4296-B6F5-01E1FCEA3CA5} = {2CE91955-29CC-4C73-847D-84F8BD1AD202}
		{B40192ED-5654-4615-8EA9-57C34E082615} = {323BFDAC-6243-4C15-A95B-32B138DD8FB0}
		{EE2128E2-AF82-4C33-9026-1B19964C0B31} = {96AC4030-DACF-4EDF-87A5-46C0C4834F8A}
		{A2C1BB9E-F2A6-4FBA-AC5F-5102D29E9720} = {96AC4030-DACF-4EDF-87A5-46C0C4834F8A}
		{DBF65EEF-8E80-4EA8-BDC2-2C43B8AA2666} = {96AC4030-DACF-4EDF-87A5-46C0C4834F8A}
		{80CD0071-E920-40E1-A3E7-B19BD54054A8} = {96AC4030-DACF-4EDF-87A5-46C0C4834F8A}
		{FF754EF2-E8A3-4742-98BE-81E110031EC7} = {C06148F4-15C2-44AF-9C80-F633DCAF3920}
		{E52949B0-FCF3-4B10-9088-06D56B1ABB24} = {C06148F4-15C2-44AF-9C80-F633DCAF3920}
		{E3F7140A-7182-44AC-B973-009CC2419087} = {C06148F4-15C2-44AF-9C80-F633DCAF3920}
		{41444D5D-7E85-4F4F-A932-CBBDF78C2E8B} = {A2EA4103-FF05-4CF9-8011-8AF73A5B9EC8}
		{2CE91955-29CC-4C73-847D-84F8BD1AD202} = {A2EA4103-FF05-4CF9-8011-8AF73A5B9EC8}
		{EE87F91F-8788-4F39-8142-D6D75D2A64BE} = {A2EA4103-FF05-4CF9-8011-8AF73A5B9EC8}
		{81266EE2-E13A-409E-86BD-360C138DCA77} = {2CE91955-29CC-4C73-847D-84F8BD1AD202}
		{8B8DC84D-54BD-4CA2-806E-29537E101A25} = {A2EA4103-FF05-4CF9-8011-8AF73A5B9EC8}
		{2AD72D87-36EA-45B6-9209-1A5FFA0D4FB3} = {FF754EF2-E8A3-4742-98BE-81E110031EC7}
		{C0E03737-61DF-4300-B068-A231AB229A63} = {E52949B0-FCF3-4B10-9088-06D56B1ABB24}
		{C1FF8FEA-9B57-4E63-AEC2-AA8A308EA652} = {E3F7140A-7182-44AC-B973-009CC2419087}
		{6A898C52-A010-479F-8443-5A3D0AC54786} = {96AC4030-DACF-4EDF-87A5-46C0C4834F8A}
	EndGlobalSection
	GlobalSection(ExtensibilityGlobals) = postSolution
		SolutionGuid = {2C3B2B12-9834-4C19-8682-DC85A58E8812}
	EndGlobalSection
EndGlobal
