
Microsoft Visual Studio Solution File, Format Version 12.00
# Visual Studio Version 17
VisualStudioVersion = 17.4.33213.308
MinimumVisualStudioVersion = 10.0.40219.1
Project("{2150E333-8FDC-42A3-9474-1A3956D46DE8}") = "1 - Solução", "1 - Solução", "{C06148F4-15C2-44AF-9C80-F633DCAF3920}"
EndProject
Project("{2150E333-8FDC-42A3-9474-1A3956D46DE8}") = "2 - Infraestrutura", "2 - Infraestrutura", "{A6839E73-8B9E-4684-84E6-E09A1F974B52}"
EndProject
Project("{2150E333-8FDC-42A3-9474-1A3956D46DE8}") = "3 - Cross-Cutting", "3 - Cross-Cutting", "{323BFDAC-6243-4C15-A95B-32B138DD8FB0}"
EndProject
Project("{2150E333-8FDC-42A3-9474-1A3956D46DE8}") = "4 - Dependências Externas", "4 - Dependências Externas", "{DE0F06B2-680C-4A67-AFD8-15B3436C0EA9}"
EndProject
Project("{2150E333-8FDC-42A3-9474-1A3956D46DE8}") = "5 - Recursos", "5 - Recursos", "{5F885708-58C7-498C-8B8F-AEB59FA757A5}"
	ProjectSection(SolutionItems) = preProject
		.editorconfig = .editorconfig
		.gitattributes = .gitattributes
		.gitignore = .gitignore
		README.md = README.md
	EndProjectSection
EndProject
Project("{9A19103F-16F7-4668-BE54-9A1E7A4F7556}") = "System.Extensions", "src\System.Extensions\System.Extensions.csproj", "{D7547D16-4A37-4105-8117-DD5B1BFE5290}"
EndProject
Project("{2150E333-8FDC-42A3-9474-1A3956D46DE8}") = "Data Services", "Data Services", "{8E30F4E5-F7AE-42E1-9C28-DD719E6316FC}"
EndProject
Project("{2150E333-8FDC-42A3-9474-1A3956D46DE8}") = "Integration Services", "Integration Services", "{A1BE6DF6-2713-4E69-ABB0-C3CBBBA39FC0}"
EndProject
Project("{9A19103F-16F7-4668-BE54-9A1E7A4F7556}") = "MeuPonto.EntityFrameworkCore.SqlServer", "src\MeuPonto.EntityFrameworkCore.SqlServer\MeuPonto.EntityFrameworkCore.SqlServer.csproj", "{1F0DF724-F874-47C5-AF5D-008B06355C96}"
EndProject
Project("{FAE04EC0-301F-11D3-BF4B-00C04F79EFBC}") = "MeuPonto.WinForms", "src\MeuPonto.WinForms\MeuPonto.WinForms.csproj", "{8D1EC29B-1AD9-4EC5-8EAD-76121F74B4B0}"
EndProject
Project("{9A19103F-16F7-4668-BE54-9A1E7A4F7556}") = "MeuPonto.EntityFrameworkCore.Cosmos", "src\MeuPonto.EntityFrameworkCore.Cosmos\MeuPonto.EntityFrameworkCore.Cosmos.csproj", "{869E2EBA-74BF-429A-B79C-6338D1510A9B}"
EndProject
Project("{9A19103F-16F7-4668-BE54-9A1E7A4F7556}") = "MeuPonto.Web", "src\MeuPonto.Web\MeuPonto.Web.csproj", "{0949F008-34E0-48AE-84FB-738069731F0E}"
EndProject
Project("{2150E333-8FDC-42A3-9474-1A3956D46DE8}") = "0 - Especificação", "0 - Especificação", "{96AC4030-DACF-4EDF-87A5-46C0C4834F8A}"
EndProject
Project("{9A19103F-16F7-4668-BE54-9A1E7A4F7556}") = "MeuPonto.Specs", "specs\MeuPonto.Specs\MeuPonto.Specs.csproj", "{76329E4D-7AE1-46C7-9D8C-432E541AA4E5}"
EndProject
Project("{9A19103F-16F7-4668-BE54-9A1E7A4F7556}") = "MeuPonto.Web.Tests", "tests\MeuPonto.Web.Tests\MeuPonto.Web.Tests.csproj", "{E3DC65FC-BF57-46FE-9C06-600A2E71D90F}"
EndProject
Project("{9A19103F-16F7-4668-BE54-9A1E7A4F7556}") = "MeuPonto.EntityFrameworkCore.Sqlite", "src\MeuPonto.EntityFrameworkCore.Sqlite\MeuPonto.EntityFrameworkCore.Sqlite.csproj", "{6EBCC26B-41AD-4C64-B87B-52AF1475515B}"
EndProject
Project("{9A19103F-16F7-4668-BE54-9A1E7A4F7556}") = "MeuPonto.Desktop", "src\MeuPonto.Desktop\MeuPonto.Desktop.csproj", "{8A01260C-C083-4296-B6F5-01E1FCEA3CA5}"
EndProject
Project("{9A19103F-16F7-4668-BE54-9A1E7A4F7556}") = "System.Xaml.Extensions", "src\System.Xaml.Extensions\System.Xaml.Extensions.csproj", "{B40192ED-5654-4615-8EA9-57C34E082615}"
EndProject
Project("{9A19103F-16F7-4668-BE54-9A1E7A4F7556}") = "MeuPonto.Specs.Web", "specs\MeuPonto.Specs.Web\MeuPonto.Specs.Web.csproj", "{EE2128E2-AF82-4C33-9026-1B19964C0B31}"
EndProject
Project("{9A19103F-16F7-4668-BE54-9A1E7A4F7556}") = "MeuPonto.Specs.Desktop", "specs\MeuPonto.Specs.Desktop\MeuPonto.Specs.Desktop.csproj", "{DBF65EEF-8E80-4EA8-BDC2-2C43B8AA2666}"
EndProject
Project("{2150E333-8FDC-42A3-9474-1A3956D46DE8}") = "Document-Driven", "Document-Driven", "{FF754EF2-E8A3-4742-98BE-81E110031EC7}"
EndProject
Project("{2150E333-8FDC-42A3-9474-1A3956D46DE8}") = "Table-Driven", "Table-Driven", "{E52949B0-FCF3-4B10-9088-06D56B1ABB24}"
EndProject
Project("{2150E333-8FDC-42A3-9474-1A3956D46DE8}") = "Table-Driven", "Table-Driven", "{E3F7140A-7182-44AC-B973-009CC2419087}"
EndProject
Project("{9A19103F-16F7-4668-BE54-9A1E7A4F7556}") = "MeuPonto.Specs.WebApi", "specs\MeuPonto.Specs.WebApi\MeuPonto.Specs.WebApi.csproj", "{6A898C52-A010-479F-8443-5A3D0AC54786}"
EndProject
Project("{9A19103F-16F7-4668-BE54-9A1E7A4F7556}") = "MeuPonto.WebApi", "src\MeuPonto.WebApi\MeuPonto.WebApi.csproj", "{38EF1922-BA5D-40B2-821D-D8FDA417DAD6}"
EndProject
Project("{2150E333-8FDC-42A3-9474-1A3956D46DE8}") = "Global", "Global", "{7AB03659-E09F-4B6A-848C-8276D9ED31DD}"
EndProject
Project("{2150E333-8FDC-42A3-9474-1A3956D46DE8}") = "Local", "Local", "{CC538074-51DB-436A-9C1E-115C19D7AC69}"
EndProject
Project("{9A19103F-16F7-4668-BE54-9A1E7A4F7556}") = "MeuPonto.DocumentModel", "src\MeuPonto.DocumentModel\MeuPonto.DocumentModel.csproj", "{92123B87-4D25-41D7-A6F6-2B30165962D3}"
EndProject
Project("{9A19103F-16F7-4668-BE54-9A1E7A4F7556}") = "MeuPonto.GlobalTableModel", "src\MeuPonto.GlobalTableModel\MeuPonto.GlobalTableModel.csproj", "{A57CAE0B-EE9A-444F-A8D6-9DAC9EEB4D7A}"
EndProject
Project("{2150E333-8FDC-42A3-9474-1A3956D46DE8}") = "Data-Driven", "Data-Driven", "{6780E7FC-3DE6-48F2-8B39-74D2E786139D}"
EndProject
Project("{9A19103F-16F7-4668-BE54-9A1E7A4F7556}") = "MeuPonto.Web_App", "src\MeuPonto.Web_App\MeuPonto.Web_App.csproj", "{3968994B-2704-4C62-AADF-FA867A05C60C}"
EndProject
Project("{9A19103F-16F7-4668-BE54-9A1E7A4F7556}") = "MeuPonto.Mobile", "src\MeuPonto.Mobile\MeuPonto.Mobile.csproj", "{A675CCD6-F2F1-4BC9-93B8-70493F29995C}"
EndProject
Project("{9A19103F-16F7-4668-BE54-9A1E7A4F7556}") = "Timesheet.DocumentModel", "src\Timesheet.DocumentModel\Timesheet.DocumentModel.csproj", "{943970A3-2C95-4B43-B24D-E36BF3A82B63}"
EndProject
Project("{9A19103F-16F7-4668-BE54-9A1E7A4F7556}") = "Billing.DocumentModel", "src\Billing.DocumentModel\Billing.DocumentModel.csproj", "{5D697FA2-3F7A-4722-BBAE-80D32166F3B9}"
EndProject
Project("{FAE04EC0-301F-11D3-BF4B-00C04F79EFBC}") = "Timesheet.GlobalTableModel", "src\Timesheet.GlobalTableModel\Timesheet.GlobalTableModel.csproj", "{A82ADCFF-BD80-4498-B2DF-73B2FFDF03CC}"
EndProject
Project("{FAE04EC0-301F-11D3-BF4B-00C04F79EFBC}") = "Billing.GlobalTableModel", "src\Billing.GlobalTableModel\Billing.GlobalTableModel.csproj", "{06F58A0F-FB08-4F36-A532-BE210B1AC05D}"
EndProject
Global
	GlobalSection(SolutionConfigurationPlatforms) = preSolution
		Debug_Cosmos|Any CPU = Debug_Cosmos|Any CPU
		Debug_Sqlite|Any CPU = Debug_Sqlite|Any CPU
		Debug_SqlServer|Any CPU = Debug_SqlServer|Any CPU
		Debug|Any CPU = Debug|Any CPU
		Release_Cosmos|Any CPU = Release_Cosmos|Any CPU
		Release_Sqlite|Any CPU = Release_Sqlite|Any CPU
		Release_SqlServer|Any CPU = Release_SqlServer|Any CPU
		Release|Any CPU = Release|Any CPU
	EndGlobalSection
	GlobalSection(ProjectConfigurationPlatforms) = postSolution
		{D7547D16-4A37-4105-8117-DD5B1BFE5290}.Debug_Cosmos|Any CPU.ActiveCfg = Debug_Cosmos|Any CPU
		{D7547D16-4A37-4105-8117-DD5B1BFE5290}.Debug_Cosmos|Any CPU.Build.0 = Debug_Cosmos|Any CPU
		{D7547D16-4A37-4105-8117-DD5B1BFE5290}.Debug_Sqlite|Any CPU.ActiveCfg = Debug_Sqlite|Any CPU
		{D7547D16-4A37-4105-8117-DD5B1BFE5290}.Debug_Sqlite|Any CPU.Build.0 = Debug_Sqlite|Any CPU
		{D7547D16-4A37-4105-8117-DD5B1BFE5290}.Debug_SqlServer|Any CPU.ActiveCfg = Debug_SqlServer|Any CPU
		{D7547D16-4A37-4105-8117-DD5B1BFE5290}.Debug_SqlServer|Any CPU.Build.0 = Debug_SqlServer|Any CPU
		{D7547D16-4A37-4105-8117-DD5B1BFE5290}.Debug|Any CPU.ActiveCfg = Debug|Any CPU
		{D7547D16-4A37-4105-8117-DD5B1BFE5290}.Debug|Any CPU.Build.0 = Debug|Any CPU
		{D7547D16-4A37-4105-8117-DD5B1BFE5290}.Release_Cosmos|Any CPU.ActiveCfg = Release_Cosmos|Any CPU
		{D7547D16-4A37-4105-8117-DD5B1BFE5290}.Release_Cosmos|Any CPU.Build.0 = Release_Cosmos|Any CPU
		{D7547D16-4A37-4105-8117-DD5B1BFE5290}.Release_Sqlite|Any CPU.ActiveCfg = Release_Sqlite|Any CPU
		{D7547D16-4A37-4105-8117-DD5B1BFE5290}.Release_Sqlite|Any CPU.Build.0 = Release_Sqlite|Any CPU
		{D7547D16-4A37-4105-8117-DD5B1BFE5290}.Release_SqlServer|Any CPU.ActiveCfg = Release_SqlServer|Any CPU
		{D7547D16-4A37-4105-8117-DD5B1BFE5290}.Release_SqlServer|Any CPU.Build.0 = Release_SqlServer|Any CPU
		{D7547D16-4A37-4105-8117-DD5B1BFE5290}.Release|Any CPU.ActiveCfg = Release|Any CPU
		{D7547D16-4A37-4105-8117-DD5B1BFE5290}.Release|Any CPU.Build.0 = Release|Any CPU
		{1F0DF724-F874-47C5-AF5D-008B06355C96}.Debug_Cosmos|Any CPU.ActiveCfg = Debug_Cosmos|Any CPU
		{1F0DF724-F874-47C5-AF5D-008B06355C96}.Debug_Cosmos|Any CPU.Build.0 = Debug_Cosmos|Any CPU
		{1F0DF724-F874-47C5-AF5D-008B06355C96}.Debug_Sqlite|Any CPU.ActiveCfg = Debug_Sqlite|Any CPU
		{1F0DF724-F874-47C5-AF5D-008B06355C96}.Debug_Sqlite|Any CPU.Build.0 = Debug_Sqlite|Any CPU
		{1F0DF724-F874-47C5-AF5D-008B06355C96}.Debug_SqlServer|Any CPU.ActiveCfg = Debug_SqlServer|Any CPU
		{1F0DF724-F874-47C5-AF5D-008B06355C96}.Debug_SqlServer|Any CPU.Build.0 = Debug_SqlServer|Any CPU
		{1F0DF724-F874-47C5-AF5D-008B06355C96}.Debug|Any CPU.ActiveCfg = Debug|Any CPU
		{1F0DF724-F874-47C5-AF5D-008B06355C96}.Debug|Any CPU.Build.0 = Debug|Any CPU
		{1F0DF724-F874-47C5-AF5D-008B06355C96}.Release_Cosmos|Any CPU.ActiveCfg = Release_Cosmos|Any CPU
		{1F0DF724-F874-47C5-AF5D-008B06355C96}.Release_Cosmos|Any CPU.Build.0 = Release_Cosmos|Any CPU
		{1F0DF724-F874-47C5-AF5D-008B06355C96}.Release_Sqlite|Any CPU.ActiveCfg = Release_Sqlite|Any CPU
		{1F0DF724-F874-47C5-AF5D-008B06355C96}.Release_Sqlite|Any CPU.Build.0 = Release_Sqlite|Any CPU
		{1F0DF724-F874-47C5-AF5D-008B06355C96}.Release_SqlServer|Any CPU.ActiveCfg = Release_SqlServer|Any CPU
		{1F0DF724-F874-47C5-AF5D-008B06355C96}.Release_SqlServer|Any CPU.Build.0 = Release_SqlServer|Any CPU
		{1F0DF724-F874-47C5-AF5D-008B06355C96}.Release|Any CPU.ActiveCfg = Release|Any CPU
		{1F0DF724-F874-47C5-AF5D-008B06355C96}.Release|Any CPU.Build.0 = Release|Any CPU
		{8D1EC29B-1AD9-4EC5-8EAD-76121F74B4B0}.Debug_Cosmos|Any CPU.ActiveCfg = Debug_Cosmos|Any CPU
		{8D1EC29B-1AD9-4EC5-8EAD-76121F74B4B0}.Debug_Cosmos|Any CPU.Build.0 = Debug_Cosmos|Any CPU
		{8D1EC29B-1AD9-4EC5-8EAD-76121F74B4B0}.Debug_Sqlite|Any CPU.ActiveCfg = Debug_Sqlite|Any CPU
		{8D1EC29B-1AD9-4EC5-8EAD-76121F74B4B0}.Debug_Sqlite|Any CPU.Build.0 = Debug_Sqlite|Any CPU
		{8D1EC29B-1AD9-4EC5-8EAD-76121F74B4B0}.Debug_SqlServer|Any CPU.ActiveCfg = Debug_SqlServer|Any CPU
		{8D1EC29B-1AD9-4EC5-8EAD-76121F74B4B0}.Debug_SqlServer|Any CPU.Build.0 = Debug_SqlServer|Any CPU
		{8D1EC29B-1AD9-4EC5-8EAD-76121F74B4B0}.Debug|Any CPU.ActiveCfg = Debug|Any CPU
		{8D1EC29B-1AD9-4EC5-8EAD-76121F74B4B0}.Debug|Any CPU.Build.0 = Debug|Any CPU
		{8D1EC29B-1AD9-4EC5-8EAD-76121F74B4B0}.Release_Cosmos|Any CPU.ActiveCfg = Release_Cosmos|Any CPU
		{8D1EC29B-1AD9-4EC5-8EAD-76121F74B4B0}.Release_Cosmos|Any CPU.Build.0 = Release_Cosmos|Any CPU
		{8D1EC29B-1AD9-4EC5-8EAD-76121F74B4B0}.Release_Sqlite|Any CPU.ActiveCfg = Release_Sqlite|Any CPU
		{8D1EC29B-1AD9-4EC5-8EAD-76121F74B4B0}.Release_Sqlite|Any CPU.Build.0 = Release_Sqlite|Any CPU
		{8D1EC29B-1AD9-4EC5-8EAD-76121F74B4B0}.Release_SqlServer|Any CPU.ActiveCfg = Release_SqlServer|Any CPU
		{8D1EC29B-1AD9-4EC5-8EAD-76121F74B4B0}.Release_SqlServer|Any CPU.Build.0 = Release_SqlServer|Any CPU
		{8D1EC29B-1AD9-4EC5-8EAD-76121F74B4B0}.Release|Any CPU.ActiveCfg = Release|Any CPU
		{8D1EC29B-1AD9-4EC5-8EAD-76121F74B4B0}.Release|Any CPU.Build.0 = Release|Any CPU
		{869E2EBA-74BF-429A-B79C-6338D1510A9B}.Debug_Cosmos|Any CPU.ActiveCfg = Debug_Cosmos|Any CPU
		{869E2EBA-74BF-429A-B79C-6338D1510A9B}.Debug_Cosmos|Any CPU.Build.0 = Debug_Cosmos|Any CPU
		{869E2EBA-74BF-429A-B79C-6338D1510A9B}.Debug_Sqlite|Any CPU.ActiveCfg = Debug_Sqlite|Any CPU
		{869E2EBA-74BF-429A-B79C-6338D1510A9B}.Debug_Sqlite|Any CPU.Build.0 = Debug_Sqlite|Any CPU
		{869E2EBA-74BF-429A-B79C-6338D1510A9B}.Debug_SqlServer|Any CPU.ActiveCfg = Debug_SqlServer|Any CPU
		{869E2EBA-74BF-429A-B79C-6338D1510A9B}.Debug_SqlServer|Any CPU.Build.0 = Debug_SqlServer|Any CPU
		{869E2EBA-74BF-429A-B79C-6338D1510A9B}.Debug|Any CPU.ActiveCfg = Debug|Any CPU
		{869E2EBA-74BF-429A-B79C-6338D1510A9B}.Debug|Any CPU.Build.0 = Debug|Any CPU
		{869E2EBA-74BF-429A-B79C-6338D1510A9B}.Release_Cosmos|Any CPU.ActiveCfg = Release_Cosmos|Any CPU
		{869E2EBA-74BF-429A-B79C-6338D1510A9B}.Release_Cosmos|Any CPU.Build.0 = Release_Cosmos|Any CPU
		{869E2EBA-74BF-429A-B79C-6338D1510A9B}.Release_Sqlite|Any CPU.ActiveCfg = Release_Sqlite|Any CPU
		{869E2EBA-74BF-429A-B79C-6338D1510A9B}.Release_Sqlite|Any CPU.Build.0 = Release_Sqlite|Any CPU
		{869E2EBA-74BF-429A-B79C-6338D1510A9B}.Release_SqlServer|Any CPU.ActiveCfg = Release_SqlServer|Any CPU
		{869E2EBA-74BF-429A-B79C-6338D1510A9B}.Release_SqlServer|Any CPU.Build.0 = Release_SqlServer|Any CPU
		{869E2EBA-74BF-429A-B79C-6338D1510A9B}.Release|Any CPU.ActiveCfg = Release|Any CPU
		{869E2EBA-74BF-429A-B79C-6338D1510A9B}.Release|Any CPU.Build.0 = Release|Any CPU
		{0949F008-34E0-48AE-84FB-738069731F0E}.Debug_Cosmos|Any CPU.ActiveCfg = Debug_Cosmos|Any CPU
		{0949F008-34E0-48AE-84FB-738069731F0E}.Debug_Cosmos|Any CPU.Build.0 = Debug_Cosmos|Any CPU
		{0949F008-34E0-48AE-84FB-738069731F0E}.Debug_Sqlite|Any CPU.ActiveCfg = Debug_Sqlite|Any CPU
		{0949F008-34E0-48AE-84FB-738069731F0E}.Debug_Sqlite|Any CPU.Build.0 = Debug_Sqlite|Any CPU
		{0949F008-34E0-48AE-84FB-738069731F0E}.Debug_SqlServer|Any CPU.ActiveCfg = Debug_SqlServer|Any CPU
		{0949F008-34E0-48AE-84FB-738069731F0E}.Debug_SqlServer|Any CPU.Build.0 = Debug_SqlServer|Any CPU
		{0949F008-34E0-48AE-84FB-738069731F0E}.Debug|Any CPU.ActiveCfg = Debug|Any CPU
		{0949F008-34E0-48AE-84FB-738069731F0E}.Debug|Any CPU.Build.0 = Debug|Any CPU
		{0949F008-34E0-48AE-84FB-738069731F0E}.Release_Cosmos|Any CPU.ActiveCfg = Release_Cosmos|Any CPU
		{0949F008-34E0-48AE-84FB-738069731F0E}.Release_Cosmos|Any CPU.Build.0 = Release_Cosmos|Any CPU
		{0949F008-34E0-48AE-84FB-738069731F0E}.Release_Sqlite|Any CPU.ActiveCfg = Release_Sqlite|Any CPU
		{0949F008-34E0-48AE-84FB-738069731F0E}.Release_Sqlite|Any CPU.Build.0 = Release_Sqlite|Any CPU
		{0949F008-34E0-48AE-84FB-738069731F0E}.Release_SqlServer|Any CPU.ActiveCfg = Release_SqlServer|Any CPU
		{0949F008-34E0-48AE-84FB-738069731F0E}.Release_SqlServer|Any CPU.Build.0 = Release_SqlServer|Any CPU
		{0949F008-34E0-48AE-84FB-738069731F0E}.Release|Any CPU.ActiveCfg = Release|Any CPU
		{0949F008-34E0-48AE-84FB-738069731F0E}.Release|Any CPU.Build.0 = Release|Any CPU
		{76329E4D-7AE1-46C7-9D8C-432E541AA4E5}.Debug_Cosmos|Any CPU.ActiveCfg = Debug_Cosmos|Any CPU
		{76329E4D-7AE1-46C7-9D8C-432E541AA4E5}.Debug_Cosmos|Any CPU.Build.0 = Debug_Cosmos|Any CPU
		{76329E4D-7AE1-46C7-9D8C-432E541AA4E5}.Debug_Sqlite|Any CPU.ActiveCfg = Debug_Sqlite|Any CPU
		{76329E4D-7AE1-46C7-9D8C-432E541AA4E5}.Debug_Sqlite|Any CPU.Build.0 = Debug_Sqlite|Any CPU
		{76329E4D-7AE1-46C7-9D8C-432E541AA4E5}.Debug_SqlServer|Any CPU.ActiveCfg = Debug_SqlServer|Any CPU
		{76329E4D-7AE1-46C7-9D8C-432E541AA4E5}.Debug_SqlServer|Any CPU.Build.0 = Debug_SqlServer|Any CPU
		{76329E4D-7AE1-46C7-9D8C-432E541AA4E5}.Debug|Any CPU.ActiveCfg = Debug|Any CPU
		{76329E4D-7AE1-46C7-9D8C-432E541AA4E5}.Debug|Any CPU.Build.0 = Debug|Any CPU
		{76329E4D-7AE1-46C7-9D8C-432E541AA4E5}.Release_Cosmos|Any CPU.ActiveCfg = Release_Cosmos|Any CPU
		{76329E4D-7AE1-46C7-9D8C-432E541AA4E5}.Release_Cosmos|Any CPU.Build.0 = Release_Cosmos|Any CPU
		{76329E4D-7AE1-46C7-9D8C-432E541AA4E5}.Release_Sqlite|Any CPU.ActiveCfg = Release_Sqlite|Any CPU
		{76329E4D-7AE1-46C7-9D8C-432E541AA4E5}.Release_Sqlite|Any CPU.Build.0 = Release_Sqlite|Any CPU
		{76329E4D-7AE1-46C7-9D8C-432E541AA4E5}.Release_SqlServer|Any CPU.ActiveCfg = Release_SqlServer|Any CPU
		{76329E4D-7AE1-46C7-9D8C-432E541AA4E5}.Release_SqlServer|Any CPU.Build.0 = Release_SqlServer|Any CPU
		{76329E4D-7AE1-46C7-9D8C-432E541AA4E5}.Release|Any CPU.ActiveCfg = Release|Any CPU
		{76329E4D-7AE1-46C7-9D8C-432E541AA4E5}.Release|Any CPU.Build.0 = Release|Any CPU
		{E3DC65FC-BF57-46FE-9C06-600A2E71D90F}.Debug_Cosmos|Any CPU.ActiveCfg = Debug_Cosmos|Any CPU
		{E3DC65FC-BF57-46FE-9C06-600A2E71D90F}.Debug_Cosmos|Any CPU.Build.0 = Debug_Cosmos|Any CPU
		{E3DC65FC-BF57-46FE-9C06-600A2E71D90F}.Debug_Sqlite|Any CPU.ActiveCfg = Debug_Sqlite|Any CPU
		{E3DC65FC-BF57-46FE-9C06-600A2E71D90F}.Debug_Sqlite|Any CPU.Build.0 = Debug_Sqlite|Any CPU
		{E3DC65FC-BF57-46FE-9C06-600A2E71D90F}.Debug_SqlServer|Any CPU.ActiveCfg = Debug_SqlServer|Any CPU
		{E3DC65FC-BF57-46FE-9C06-600A2E71D90F}.Debug_SqlServer|Any CPU.Build.0 = Debug_SqlServer|Any CPU
		{E3DC65FC-BF57-46FE-9C06-600A2E71D90F}.Debug|Any CPU.ActiveCfg = Debug|Any CPU
		{E3DC65FC-BF57-46FE-9C06-600A2E71D90F}.Debug|Any CPU.Build.0 = Debug|Any CPU
		{E3DC65FC-BF57-46FE-9C06-600A2E71D90F}.Release_Cosmos|Any CPU.ActiveCfg = Release_Cosmos|Any CPU
		{E3DC65FC-BF57-46FE-9C06-600A2E71D90F}.Release_Cosmos|Any CPU.Build.0 = Release_Cosmos|Any CPU
		{E3DC65FC-BF57-46FE-9C06-600A2E71D90F}.Release_Sqlite|Any CPU.ActiveCfg = Release_Sqlite|Any CPU
		{E3DC65FC-BF57-46FE-9C06-600A2E71D90F}.Release_Sqlite|Any CPU.Build.0 = Release_Sqlite|Any CPU
		{E3DC65FC-BF57-46FE-9C06-600A2E71D90F}.Release_SqlServer|Any CPU.ActiveCfg = Release_SqlServer|Any CPU
		{E3DC65FC-BF57-46FE-9C06-600A2E71D90F}.Release_SqlServer|Any CPU.Build.0 = Release_SqlServer|Any CPU
		{E3DC65FC-BF57-46FE-9C06-600A2E71D90F}.Release|Any CPU.ActiveCfg = Release|Any CPU
		{E3DC65FC-BF57-46FE-9C06-600A2E71D90F}.Release|Any CPU.Build.0 = Release|Any CPU
		{6EBCC26B-41AD-4C64-B87B-52AF1475515B}.Debug_Cosmos|Any CPU.ActiveCfg = Debug_Cosmos|Any CPU
		{6EBCC26B-41AD-4C64-B87B-52AF1475515B}.Debug_Cosmos|Any CPU.Build.0 = Debug_Cosmos|Any CPU
		{6EBCC26B-41AD-4C64-B87B-52AF1475515B}.Debug_Sqlite|Any CPU.ActiveCfg = Debug_Sqlite|Any CPU
		{6EBCC26B-41AD-4C64-B87B-52AF1475515B}.Debug_Sqlite|Any CPU.Build.0 = Debug_Sqlite|Any CPU
		{6EBCC26B-41AD-4C64-B87B-52AF1475515B}.Debug_SqlServer|Any CPU.ActiveCfg = Debug_SqlServer|Any CPU
		{6EBCC26B-41AD-4C64-B87B-52AF1475515B}.Debug_SqlServer|Any CPU.Build.0 = Debug_SqlServer|Any CPU
		{6EBCC26B-41AD-4C64-B87B-52AF1475515B}.Debug|Any CPU.ActiveCfg = Debug|Any CPU
		{6EBCC26B-41AD-4C64-B87B-52AF1475515B}.Debug|Any CPU.Build.0 = Debug|Any CPU
		{6EBCC26B-41AD-4C64-B87B-52AF1475515B}.Release_Cosmos|Any CPU.ActiveCfg = Release_Cosmos|Any CPU
		{6EBCC26B-41AD-4C64-B87B-52AF1475515B}.Release_Cosmos|Any CPU.Build.0 = Release_Cosmos|Any CPU
		{6EBCC26B-41AD-4C64-B87B-52AF1475515B}.Release_Sqlite|Any CPU.ActiveCfg = Release_Sqlite|Any CPU
		{6EBCC26B-41AD-4C64-B87B-52AF1475515B}.Release_Sqlite|Any CPU.Build.0 = Release_Sqlite|Any CPU
		{6EBCC26B-41AD-4C64-B87B-52AF1475515B}.Release_SqlServer|Any CPU.ActiveCfg = Release_SqlServer|Any CPU
		{6EBCC26B-41AD-4C64-B87B-52AF1475515B}.Release_SqlServer|Any CPU.Build.0 = Release_SqlServer|Any CPU
		{6EBCC26B-41AD-4C64-B87B-52AF1475515B}.Release|Any CPU.ActiveCfg = Release|Any CPU
		{6EBCC26B-41AD-4C64-B87B-52AF1475515B}.Release|Any CPU.Build.0 = Release|Any CPU
		{8A01260C-C083-4296-B6F5-01E1FCEA3CA5}.Debug_Cosmos|Any CPU.ActiveCfg = Debug_Cosmos|Any CPU
		{8A01260C-C083-4296-B6F5-01E1FCEA3CA5}.Debug_Cosmos|Any CPU.Build.0 = Debug_Cosmos|Any CPU
		{8A01260C-C083-4296-B6F5-01E1FCEA3CA5}.Debug_Sqlite|Any CPU.ActiveCfg = Debug_Sqlite|Any CPU
		{8A01260C-C083-4296-B6F5-01E1FCEA3CA5}.Debug_Sqlite|Any CPU.Build.0 = Debug_Sqlite|Any CPU
		{8A01260C-C083-4296-B6F5-01E1FCEA3CA5}.Debug_SqlServer|Any CPU.ActiveCfg = Debug_SqlServer|Any CPU
		{8A01260C-C083-4296-B6F5-01E1FCEA3CA5}.Debug_SqlServer|Any CPU.Build.0 = Debug_SqlServer|Any CPU
		{8A01260C-C083-4296-B6F5-01E1FCEA3CA5}.Debug|Any CPU.ActiveCfg = Debug|Any CPU
		{8A01260C-C083-4296-B6F5-01E1FCEA3CA5}.Debug|Any CPU.Build.0 = Debug|Any CPU
		{8A01260C-C083-4296-B6F5-01E1FCEA3CA5}.Release_Cosmos|Any CPU.ActiveCfg = Release_Cosmos|Any CPU
		{8A01260C-C083-4296-B6F5-01E1FCEA3CA5}.Release_Cosmos|Any CPU.Build.0 = Release_Cosmos|Any CPU
		{8A01260C-C083-4296-B6F5-01E1FCEA3CA5}.Release_Sqlite|Any CPU.ActiveCfg = Release_Sqlite|Any CPU
		{8A01260C-C083-4296-B6F5-01E1FCEA3CA5}.Release_Sqlite|Any CPU.Build.0 = Release_Sqlite|Any CPU
		{8A01260C-C083-4296-B6F5-01E1FCEA3CA5}.Release_SqlServer|Any CPU.ActiveCfg = Release_SqlServer|Any CPU
		{8A01260C-C083-4296-B6F5-01E1FCEA3CA5}.Release_SqlServer|Any CPU.Build.0 = Release_SqlServer|Any CPU
		{8A01260C-C083-4296-B6F5-01E1FCEA3CA5}.Release|Any CPU.ActiveCfg = Release|Any CPU
		{8A01260C-C083-4296-B6F5-01E1FCEA3CA5}.Release|Any CPU.Build.0 = Release|Any CPU
		{B40192ED-5654-4615-8EA9-57C34E082615}.Debug_Cosmos|Any CPU.ActiveCfg = Debug_Cosmos|Any CPU
		{B40192ED-5654-4615-8EA9-57C34E082615}.Debug_Cosmos|Any CPU.Build.0 = Debug_Cosmos|Any CPU
		{B40192ED-5654-4615-8EA9-57C34E082615}.Debug_Sqlite|Any CPU.ActiveCfg = Debug_Sqlite|Any CPU
		{B40192ED-5654-4615-8EA9-57C34E082615}.Debug_Sqlite|Any CPU.Build.0 = Debug_Sqlite|Any CPU
		{B40192ED-5654-4615-8EA9-57C34E082615}.Debug_SqlServer|Any CPU.ActiveCfg = Debug_SqlServer|Any CPU
		{B40192ED-5654-4615-8EA9-57C34E082615}.Debug_SqlServer|Any CPU.Build.0 = Debug_SqlServer|Any CPU
		{B40192ED-5654-4615-8EA9-57C34E082615}.Debug|Any CPU.ActiveCfg = Debug|Any CPU
		{B40192ED-5654-4615-8EA9-57C34E082615}.Debug|Any CPU.Build.0 = Debug|Any CPU
		{B40192ED-5654-4615-8EA9-57C34E082615}.Release_Cosmos|Any CPU.ActiveCfg = Release_Cosmos|Any CPU
		{B40192ED-5654-4615-8EA9-57C34E082615}.Release_Cosmos|Any CPU.Build.0 = Release_Cosmos|Any CPU
		{B40192ED-5654-4615-8EA9-57C34E082615}.Release_Sqlite|Any CPU.ActiveCfg = Release_Sqlite|Any CPU
		{B40192ED-5654-4615-8EA9-57C34E082615}.Release_Sqlite|Any CPU.Build.0 = Release_Sqlite|Any CPU
		{B40192ED-5654-4615-8EA9-57C34E082615}.Release_SqlServer|Any CPU.ActiveCfg = Release_SqlServer|Any CPU
		{B40192ED-5654-4615-8EA9-57C34E082615}.Release_SqlServer|Any CPU.Build.0 = Release_SqlServer|Any CPU
		{B40192ED-5654-4615-8EA9-57C34E082615}.Release|Any CPU.ActiveCfg = Release|Any CPU
		{B40192ED-5654-4615-8EA9-57C34E082615}.Release|Any CPU.Build.0 = Release|Any CPU
		{EE2128E2-AF82-4C33-9026-1B19964C0B31}.Debug_Cosmos|Any CPU.ActiveCfg = Debug_Cosmos|Any CPU
		{EE2128E2-AF82-4C33-9026-1B19964C0B31}.Debug_Cosmos|Any CPU.Build.0 = Debug_Cosmos|Any CPU
		{EE2128E2-AF82-4C33-9026-1B19964C0B31}.Debug_Sqlite|Any CPU.ActiveCfg = Debug_Sqlite|Any CPU
		{EE2128E2-AF82-4C33-9026-1B19964C0B31}.Debug_Sqlite|Any CPU.Build.0 = Debug_Sqlite|Any CPU
		{EE2128E2-AF82-4C33-9026-1B19964C0B31}.Debug_SqlServer|Any CPU.ActiveCfg = Debug_SqlServer|Any CPU
		{EE2128E2-AF82-4C33-9026-1B19964C0B31}.Debug_SqlServer|Any CPU.Build.0 = Debug_SqlServer|Any CPU
		{EE2128E2-AF82-4C33-9026-1B19964C0B31}.Debug|Any CPU.ActiveCfg = Debug|Any CPU
		{EE2128E2-AF82-4C33-9026-1B19964C0B31}.Debug|Any CPU.Build.0 = Debug|Any CPU
		{EE2128E2-AF82-4C33-9026-1B19964C0B31}.Release_Cosmos|Any CPU.ActiveCfg = Release_Cosmos|Any CPU
		{EE2128E2-AF82-4C33-9026-1B19964C0B31}.Release_Cosmos|Any CPU.Build.0 = Release_Cosmos|Any CPU
		{EE2128E2-AF82-4C33-9026-1B19964C0B31}.Release_Sqlite|Any CPU.ActiveCfg = Release_Sqlite|Any CPU
		{EE2128E2-AF82-4C33-9026-1B19964C0B31}.Release_Sqlite|Any CPU.Build.0 = Release_Sqlite|Any CPU
		{EE2128E2-AF82-4C33-9026-1B19964C0B31}.Release_SqlServer|Any CPU.ActiveCfg = Release_SqlServer|Any CPU
		{EE2128E2-AF82-4C33-9026-1B19964C0B31}.Release_SqlServer|Any CPU.Build.0 = Release_SqlServer|Any CPU
		{EE2128E2-AF82-4C33-9026-1B19964C0B31}.Release|Any CPU.ActiveCfg = Release|Any CPU
		{EE2128E2-AF82-4C33-9026-1B19964C0B31}.Release|Any CPU.Build.0 = Release|Any CPU
		{DBF65EEF-8E80-4EA8-BDC2-2C43B8AA2666}.Debug_Cosmos|Any CPU.ActiveCfg = Debug_Cosmos|Any CPU
		{DBF65EEF-8E80-4EA8-BDC2-2C43B8AA2666}.Debug_Cosmos|Any CPU.Build.0 = Debug_Cosmos|Any CPU
		{DBF65EEF-8E80-4EA8-BDC2-2C43B8AA2666}.Debug_Sqlite|Any CPU.ActiveCfg = Debug_Sqlite|Any CPU
		{DBF65EEF-8E80-4EA8-BDC2-2C43B8AA2666}.Debug_Sqlite|Any CPU.Build.0 = Debug_Sqlite|Any CPU
		{DBF65EEF-8E80-4EA8-BDC2-2C43B8AA2666}.Debug_SqlServer|Any CPU.ActiveCfg = Debug_SqlServer|Any CPU
		{DBF65EEF-8E80-4EA8-BDC2-2C43B8AA2666}.Debug_SqlServer|Any CPU.Build.0 = Debug_SqlServer|Any CPU
		{DBF65EEF-8E80-4EA8-BDC2-2C43B8AA2666}.Debug|Any CPU.ActiveCfg = Debug|Any CPU
		{DBF65EEF-8E80-4EA8-BDC2-2C43B8AA2666}.Debug|Any CPU.Build.0 = Debug|Any CPU
		{DBF65EEF-8E80-4EA8-BDC2-2C43B8AA2666}.Release_Cosmos|Any CPU.ActiveCfg = Release_Cosmos|Any CPU
		{DBF65EEF-8E80-4EA8-BDC2-2C43B8AA2666}.Release_Cosmos|Any CPU.Build.0 = Release_Cosmos|Any CPU
		{DBF65EEF-8E80-4EA8-BDC2-2C43B8AA2666}.Release_Sqlite|Any CPU.ActiveCfg = Release_Sqlite|Any CPU
		{DBF65EEF-8E80-4EA8-BDC2-2C43B8AA2666}.Release_Sqlite|Any CPU.Build.0 = Release_Sqlite|Any CPU
		{DBF65EEF-8E80-4EA8-BDC2-2C43B8AA2666}.Release_SqlServer|Any CPU.ActiveCfg = Release_SqlServer|Any CPU
		{DBF65EEF-8E80-4EA8-BDC2-2C43B8AA2666}.Release_SqlServer|Any CPU.Build.0 = Release_SqlServer|Any CPU
		{DBF65EEF-8E80-4EA8-BDC2-2C43B8AA2666}.Release|Any CPU.ActiveCfg = Release|Any CPU
		{DBF65EEF-8E80-4EA8-BDC2-2C43B8AA2666}.Release|Any CPU.Build.0 = Release|Any CPU
		{6A898C52-A010-479F-8443-5A3D0AC54786}.Debug_Cosmos|Any CPU.ActiveCfg = Debug_Cosmos|Any CPU
		{6A898C52-A010-479F-8443-5A3D0AC54786}.Debug_Cosmos|Any CPU.Build.0 = Debug_Cosmos|Any CPU
		{6A898C52-A010-479F-8443-5A3D0AC54786}.Debug_Sqlite|Any CPU.ActiveCfg = Debug_Sqlite|Any CPU
		{6A898C52-A010-479F-8443-5A3D0AC54786}.Debug_Sqlite|Any CPU.Build.0 = Debug_Sqlite|Any CPU
		{6A898C52-A010-479F-8443-5A3D0AC54786}.Debug_SqlServer|Any CPU.ActiveCfg = Debug_SqlServer|Any CPU
		{6A898C52-A010-479F-8443-5A3D0AC54786}.Debug_SqlServer|Any CPU.Build.0 = Debug_SqlServer|Any CPU
		{6A898C52-A010-479F-8443-5A3D0AC54786}.Debug|Any CPU.ActiveCfg = Debug|Any CPU
		{6A898C52-A010-479F-8443-5A3D0AC54786}.Debug|Any CPU.Build.0 = Debug|Any CPU
		{6A898C52-A010-479F-8443-5A3D0AC54786}.Release_Cosmos|Any CPU.ActiveCfg = Release_Cosmos|Any CPU
		{6A898C52-A010-479F-8443-5A3D0AC54786}.Release_Cosmos|Any CPU.Build.0 = Release_Cosmos|Any CPU
		{6A898C52-A010-479F-8443-5A3D0AC54786}.Release_Sqlite|Any CPU.ActiveCfg = Release_Sqlite|Any CPU
		{6A898C52-A010-479F-8443-5A3D0AC54786}.Release_Sqlite|Any CPU.Build.0 = Release_Sqlite|Any CPU
		{6A898C52-A010-479F-8443-5A3D0AC54786}.Release_SqlServer|Any CPU.ActiveCfg = Release_SqlServer|Any CPU
		{6A898C52-A010-479F-8443-5A3D0AC54786}.Release_SqlServer|Any CPU.Build.0 = Release_SqlServer|Any CPU
		{6A898C52-A010-479F-8443-5A3D0AC54786}.Release|Any CPU.ActiveCfg = Release|Any CPU
		{6A898C52-A010-479F-8443-5A3D0AC54786}.Release|Any CPU.Build.0 = Release|Any CPU
		{38EF1922-BA5D-40B2-821D-D8FDA417DAD6}.Debug_Cosmos|Any CPU.ActiveCfg = Debug_Cosmos|Any CPU
		{38EF1922-BA5D-40B2-821D-D8FDA417DAD6}.Debug_Cosmos|Any CPU.Build.0 = Debug_Cosmos|Any CPU
		{38EF1922-BA5D-40B2-821D-D8FDA417DAD6}.Debug_Sqlite|Any CPU.ActiveCfg = Debug_Sqlite|Any CPU
		{38EF1922-BA5D-40B2-821D-D8FDA417DAD6}.Debug_Sqlite|Any CPU.Build.0 = Debug_Sqlite|Any CPU
		{38EF1922-BA5D-40B2-821D-D8FDA417DAD6}.Debug_SqlServer|Any CPU.ActiveCfg = Debug_SqlServer|Any CPU
		{38EF1922-BA5D-40B2-821D-D8FDA417DAD6}.Debug_SqlServer|Any CPU.Build.0 = Debug_SqlServer|Any CPU
		{38EF1922-BA5D-40B2-821D-D8FDA417DAD6}.Debug|Any CPU.ActiveCfg = Debug|Any CPU
		{38EF1922-BA5D-40B2-821D-D8FDA417DAD6}.Debug|Any CPU.Build.0 = Debug|Any CPU
		{38EF1922-BA5D-40B2-821D-D8FDA417DAD6}.Release_Cosmos|Any CPU.ActiveCfg = Release_Cosmos|Any CPU
		{38EF1922-BA5D-40B2-821D-D8FDA417DAD6}.Release_Cosmos|Any CPU.Build.0 = Release_Cosmos|Any CPU
		{38EF1922-BA5D-40B2-821D-D8FDA417DAD6}.Release_Sqlite|Any CPU.ActiveCfg = Release_Sqlite|Any CPU
		{38EF1922-BA5D-40B2-821D-D8FDA417DAD6}.Release_Sqlite|Any CPU.Build.0 = Release_Sqlite|Any CPU
		{38EF1922-BA5D-40B2-821D-D8FDA417DAD6}.Release_SqlServer|Any CPU.ActiveCfg = Release_SqlServer|Any CPU
		{38EF1922-BA5D-40B2-821D-D8FDA417DAD6}.Release_SqlServer|Any CPU.Build.0 = Release_SqlServer|Any CPU
		{38EF1922-BA5D-40B2-821D-D8FDA417DAD6}.Release|Any CPU.ActiveCfg = Release|Any CPU
		{38EF1922-BA5D-40B2-821D-D8FDA417DAD6}.Release|Any CPU.Build.0 = Release|Any CPU
		{92123B87-4D25-41D7-A6F6-2B30165962D3}.Debug_Cosmos|Any CPU.ActiveCfg = Debug_Cosmos|Any CPU
		{92123B87-4D25-41D7-A6F6-2B30165962D3}.Debug_Cosmos|Any CPU.Build.0 = Debug_Cosmos|Any CPU
		{92123B87-4D25-41D7-A6F6-2B30165962D3}.Debug_Sqlite|Any CPU.ActiveCfg = Debug_Sqlite|Any CPU
		{92123B87-4D25-41D7-A6F6-2B30165962D3}.Debug_Sqlite|Any CPU.Build.0 = Debug_Sqlite|Any CPU
		{92123B87-4D25-41D7-A6F6-2B30165962D3}.Debug_SqlServer|Any CPU.ActiveCfg = Debug_SqlServer|Any CPU
		{92123B87-4D25-41D7-A6F6-2B30165962D3}.Debug_SqlServer|Any CPU.Build.0 = Debug_SqlServer|Any CPU
		{92123B87-4D25-41D7-A6F6-2B30165962D3}.Debug|Any CPU.ActiveCfg = Debug|Any CPU
		{92123B87-4D25-41D7-A6F6-2B30165962D3}.Debug|Any CPU.Build.0 = Debug|Any CPU
		{92123B87-4D25-41D7-A6F6-2B30165962D3}.Release_Cosmos|Any CPU.ActiveCfg = Release_Cosmos|Any CPU
		{92123B87-4D25-41D7-A6F6-2B30165962D3}.Release_Cosmos|Any CPU.Build.0 = Release_Cosmos|Any CPU
		{92123B87-4D25-41D7-A6F6-2B30165962D3}.Release_Sqlite|Any CPU.ActiveCfg = Release_Sqlite|Any CPU
		{92123B87-4D25-41D7-A6F6-2B30165962D3}.Release_Sqlite|Any CPU.Build.0 = Release_Sqlite|Any CPU
		{92123B87-4D25-41D7-A6F6-2B30165962D3}.Release_SqlServer|Any CPU.ActiveCfg = Release_SqlServer|Any CPU
		{92123B87-4D25-41D7-A6F6-2B30165962D3}.Release_SqlServer|Any CPU.Build.0 = Release_SqlServer|Any CPU
		{92123B87-4D25-41D7-A6F6-2B30165962D3}.Release|Any CPU.ActiveCfg = Release|Any CPU
		{92123B87-4D25-41D7-A6F6-2B30165962D3}.Release|Any CPU.Build.0 = Release|Any CPU
		{A57CAE0B-EE9A-444F-A8D6-9DAC9EEB4D7A}.Debug_Cosmos|Any CPU.ActiveCfg = Debug_Cosmos|Any CPU
		{A57CAE0B-EE9A-444F-A8D6-9DAC9EEB4D7A}.Debug_Cosmos|Any CPU.Build.0 = Debug_Cosmos|Any CPU
		{A57CAE0B-EE9A-444F-A8D6-9DAC9EEB4D7A}.Debug_Sqlite|Any CPU.ActiveCfg = Debug_Sqlite|Any CPU
		{A57CAE0B-EE9A-444F-A8D6-9DAC9EEB4D7A}.Debug_Sqlite|Any CPU.Build.0 = Debug_Sqlite|Any CPU
		{A57CAE0B-EE9A-444F-A8D6-9DAC9EEB4D7A}.Debug_SqlServer|Any CPU.ActiveCfg = Debug_SqlServer|Any CPU
		{A57CAE0B-EE9A-444F-A8D6-9DAC9EEB4D7A}.Debug_SqlServer|Any CPU.Build.0 = Debug_SqlServer|Any CPU
		{A57CAE0B-EE9A-444F-A8D6-9DAC9EEB4D7A}.Debug|Any CPU.ActiveCfg = Debug|Any CPU
		{A57CAE0B-EE9A-444F-A8D6-9DAC9EEB4D7A}.Debug|Any CPU.Build.0 = Debug|Any CPU
		{A57CAE0B-EE9A-444F-A8D6-9DAC9EEB4D7A}.Release_Cosmos|Any CPU.ActiveCfg = Release_Cosmos|Any CPU
		{A57CAE0B-EE9A-444F-A8D6-9DAC9EEB4D7A}.Release_Cosmos|Any CPU.Build.0 = Release_Cosmos|Any CPU
		{A57CAE0B-EE9A-444F-A8D6-9DAC9EEB4D7A}.Release_Sqlite|Any CPU.ActiveCfg = Release_Sqlite|Any CPU
		{A57CAE0B-EE9A-444F-A8D6-9DAC9EEB4D7A}.Release_Sqlite|Any CPU.Build.0 = Release_Sqlite|Any CPU
		{A57CAE0B-EE9A-444F-A8D6-9DAC9EEB4D7A}.Release_SqlServer|Any CPU.ActiveCfg = Release_SqlServer|Any CPU
		{A57CAE0B-EE9A-444F-A8D6-9DAC9EEB4D7A}.Release_SqlServer|Any CPU.Build.0 = Release_SqlServer|Any CPU
		{A57CAE0B-EE9A-444F-A8D6-9DAC9EEB4D7A}.Release|Any CPU.ActiveCfg = Release|Any CPU
		{A57CAE0B-EE9A-444F-A8D6-9DAC9EEB4D7A}.Release|Any CPU.Build.0 = Release|Any CPU
		{3968994B-2704-4C62-AADF-FA867A05C60C}.Debug_Cosmos|Any CPU.ActiveCfg = Debug_Cosmos|Any CPU
		{3968994B-2704-4C62-AADF-FA867A05C60C}.Debug_Cosmos|Any CPU.Build.0 = Debug_Cosmos|Any CPU
		{3968994B-2704-4C62-AADF-FA867A05C60C}.Debug_Sqlite|Any CPU.ActiveCfg = Debug_Sqlite|Any CPU
		{3968994B-2704-4C62-AADF-FA867A05C60C}.Debug_Sqlite|Any CPU.Build.0 = Debug_Sqlite|Any CPU
		{3968994B-2704-4C62-AADF-FA867A05C60C}.Debug_SqlServer|Any CPU.ActiveCfg = Debug_SqlServer|Any CPU
		{3968994B-2704-4C62-AADF-FA867A05C60C}.Debug_SqlServer|Any CPU.Build.0 = Debug_SqlServer|Any CPU
		{3968994B-2704-4C62-AADF-FA867A05C60C}.Debug|Any CPU.ActiveCfg = Debug|Any CPU
		{3968994B-2704-4C62-AADF-FA867A05C60C}.Debug|Any CPU.Build.0 = Debug|Any CPU
		{3968994B-2704-4C62-AADF-FA867A05C60C}.Release_Cosmos|Any CPU.ActiveCfg = Release_Cosmos|Any CPU
		{3968994B-2704-4C62-AADF-FA867A05C60C}.Release_Cosmos|Any CPU.Build.0 = Release_Cosmos|Any CPU
		{3968994B-2704-4C62-AADF-FA867A05C60C}.Release_Sqlite|Any CPU.ActiveCfg = Release_Sqlite|Any CPU
		{3968994B-2704-4C62-AADF-FA867A05C60C}.Release_Sqlite|Any CPU.Build.0 = Release_Sqlite|Any CPU
		{3968994B-2704-4C62-AADF-FA867A05C60C}.Release_SqlServer|Any CPU.ActiveCfg = Release_SqlServer|Any CPU
		{3968994B-2704-4C62-AADF-FA867A05C60C}.Release_SqlServer|Any CPU.Build.0 = Release_SqlServer|Any CPU
		{3968994B-2704-4C62-AADF-FA867A05C60C}.Release|Any CPU.ActiveCfg = Release|Any CPU
		{3968994B-2704-4C62-AADF-FA867A05C60C}.Release|Any CPU.Build.0 = Release|Any CPU
		{A675CCD6-F2F1-4BC9-93B8-70493F29995C}.Debug_Cosmos|Any CPU.ActiveCfg = Debug_Cosmos|Any CPU
		{A675CCD6-F2F1-4BC9-93B8-70493F29995C}.Debug_Cosmos|Any CPU.Build.0 = Debug_Cosmos|Any CPU
		{A675CCD6-F2F1-4BC9-93B8-70493F29995C}.Debug_Cosmos|Any CPU.Deploy.0 = Debug_Cosmos|Any CPU
		{A675CCD6-F2F1-4BC9-93B8-70493F29995C}.Debug_Sqlite|Any CPU.ActiveCfg = Debug_Sqlite|Any CPU
		{A675CCD6-F2F1-4BC9-93B8-70493F29995C}.Debug_Sqlite|Any CPU.Build.0 = Debug_Sqlite|Any CPU
		{A675CCD6-F2F1-4BC9-93B8-70493F29995C}.Debug_Sqlite|Any CPU.Deploy.0 = Debug_Sqlite|Any CPU
		{A675CCD6-F2F1-4BC9-93B8-70493F29995C}.Debug_SqlServer|Any CPU.ActiveCfg = Debug_SqlServer|Any CPU
		{A675CCD6-F2F1-4BC9-93B8-70493F29995C}.Debug_SqlServer|Any CPU.Build.0 = Debug_SqlServer|Any CPU
		{A675CCD6-F2F1-4BC9-93B8-70493F29995C}.Debug_SqlServer|Any CPU.Deploy.0 = Debug_SqlServer|Any CPU
		{A675CCD6-F2F1-4BC9-93B8-70493F29995C}.Debug|Any CPU.ActiveCfg = Debug|Any CPU
		{A675CCD6-F2F1-4BC9-93B8-70493F29995C}.Debug|Any CPU.Build.0 = Debug|Any CPU
		{A675CCD6-F2F1-4BC9-93B8-70493F29995C}.Debug|Any CPU.Deploy.0 = Debug|Any CPU
		{A675CCD6-F2F1-4BC9-93B8-70493F29995C}.Release_Cosmos|Any CPU.ActiveCfg = Release_Cosmos|Any CPU
		{A675CCD6-F2F1-4BC9-93B8-70493F29995C}.Release_Cosmos|Any CPU.Build.0 = Release_Cosmos|Any CPU
		{A675CCD6-F2F1-4BC9-93B8-70493F29995C}.Release_Cosmos|Any CPU.Deploy.0 = Release_Cosmos|Any CPU
		{A675CCD6-F2F1-4BC9-93B8-70493F29995C}.Release_Sqlite|Any CPU.ActiveCfg = Release_Sqlite|Any CPU
		{A675CCD6-F2F1-4BC9-93B8-70493F29995C}.Release_Sqlite|Any CPU.Build.0 = Release_Sqlite|Any CPU
		{A675CCD6-F2F1-4BC9-93B8-70493F29995C}.Release_Sqlite|Any CPU.Deploy.0 = Release_Sqlite|Any CPU
		{A675CCD6-F2F1-4BC9-93B8-70493F29995C}.Release_SqlServer|Any CPU.ActiveCfg = Release_SqlServer|Any CPU
		{A675CCD6-F2F1-4BC9-93B8-70493F29995C}.Release_SqlServer|Any CPU.Build.0 = Release_SqlServer|Any CPU
		{A675CCD6-F2F1-4BC9-93B8-70493F29995C}.Release_SqlServer|Any CPU.Deploy.0 = Release_SqlServer|Any CPU
		{A675CCD6-F2F1-4BC9-93B8-70493F29995C}.Release|Any CPU.ActiveCfg = Release|Any CPU
		{A675CCD6-F2F1-4BC9-93B8-70493F29995C}.Release|Any CPU.Build.0 = Release|Any CPU
		{A675CCD6-F2F1-4BC9-93B8-70493F29995C}.Release|Any CPU.Deploy.0 = Release|Any CPU
		{943970A3-2C95-4B43-B24D-E36BF3A82B63}.Debug_Cosmos|Any CPU.ActiveCfg = Debug_Cosmos|Any CPU
		{943970A3-2C95-4B43-B24D-E36BF3A82B63}.Debug_Cosmos|Any CPU.Build.0 = Debug_Cosmos|Any CPU
		{943970A3-2C95-4B43-B24D-E36BF3A82B63}.Debug_Sqlite|Any CPU.ActiveCfg = Debug_Sqlite|Any CPU
		{943970A3-2C95-4B43-B24D-E36BF3A82B63}.Debug_Sqlite|Any CPU.Build.0 = Debug_Sqlite|Any CPU
		{943970A3-2C95-4B43-B24D-E36BF3A82B63}.Debug_SqlServer|Any CPU.ActiveCfg = Debug_SqlServer|Any CPU
		{943970A3-2C95-4B43-B24D-E36BF3A82B63}.Debug_SqlServer|Any CPU.Build.0 = Debug_SqlServer|Any CPU
		{943970A3-2C95-4B43-B24D-E36BF3A82B63}.Debug|Any CPU.ActiveCfg = Debug|Any CPU
		{943970A3-2C95-4B43-B24D-E36BF3A82B63}.Debug|Any CPU.Build.0 = Debug|Any CPU
		{943970A3-2C95-4B43-B24D-E36BF3A82B63}.Release_Cosmos|Any CPU.ActiveCfg = Release_Cosmos|Any CPU
		{943970A3-2C95-4B43-B24D-E36BF3A82B63}.Release_Cosmos|Any CPU.Build.0 = Release_Cosmos|Any CPU
		{943970A3-2C95-4B43-B24D-E36BF3A82B63}.Release_Sqlite|Any CPU.ActiveCfg = Release_Sqlite|Any CPU
		{943970A3-2C95-4B43-B24D-E36BF3A82B63}.Release_Sqlite|Any CPU.Build.0 = Release_Sqlite|Any CPU
		{943970A3-2C95-4B43-B24D-E36BF3A82B63}.Release_SqlServer|Any CPU.ActiveCfg = Release_SqlServer|Any CPU
		{943970A3-2C95-4B43-B24D-E36BF3A82B63}.Release_SqlServer|Any CPU.Build.0 = Release_SqlServer|Any CPU
		{943970A3-2C95-4B43-B24D-E36BF3A82B63}.Release|Any CPU.ActiveCfg = Release|Any CPU
		{943970A3-2C95-4B43-B24D-E36BF3A82B63}.Release|Any CPU.Build.0 = Release|Any CPU
		{5D697FA2-3F7A-4722-BBAE-80D32166F3B9}.Debug_Cosmos|Any CPU.ActiveCfg = Debug_Cosmos|Any CPU
		{5D697FA2-3F7A-4722-BBAE-80D32166F3B9}.Debug_Cosmos|Any CPU.Build.0 = Debug_Cosmos|Any CPU
		{5D697FA2-3F7A-4722-BBAE-80D32166F3B9}.Debug_Sqlite|Any CPU.ActiveCfg = Debug_Sqlite|Any CPU
		{5D697FA2-3F7A-4722-BBAE-80D32166F3B9}.Debug_Sqlite|Any CPU.Build.0 = Debug_Sqlite|Any CPU
		{5D697FA2-3F7A-4722-BBAE-80D32166F3B9}.Debug_SqlServer|Any CPU.ActiveCfg = Debug_SqlServer|Any CPU
		{5D697FA2-3F7A-4722-BBAE-80D32166F3B9}.Debug_SqlServer|Any CPU.Build.0 = Debug_SqlServer|Any CPU
		{5D697FA2-3F7A-4722-BBAE-80D32166F3B9}.Debug|Any CPU.ActiveCfg = Debug|Any CPU
		{5D697FA2-3F7A-4722-BBAE-80D32166F3B9}.Debug|Any CPU.Build.0 = Debug|Any CPU
		{5D697FA2-3F7A-4722-BBAE-80D32166F3B9}.Release_Cosmos|Any CPU.ActiveCfg = Release_Cosmos|Any CPU
		{5D697FA2-3F7A-4722-BBAE-80D32166F3B9}.Release_Cosmos|Any CPU.Build.0 = Release_Cosmos|Any CPU
		{5D697FA2-3F7A-4722-BBAE-80D32166F3B9}.Release_Sqlite|Any CPU.ActiveCfg = Release_Sqlite|Any CPU
		{5D697FA2-3F7A-4722-BBAE-80D32166F3B9}.Release_Sqlite|Any CPU.Build.0 = Release_Sqlite|Any CPU
		{5D697FA2-3F7A-4722-BBAE-80D32166F3B9}.Release_SqlServer|Any CPU.ActiveCfg = Release_SqlServer|Any CPU
		{5D697FA2-3F7A-4722-BBAE-80D32166F3B9}.Release_SqlServer|Any CPU.Build.0 = Release_SqlServer|Any CPU
		{5D697FA2-3F7A-4722-BBAE-80D32166F3B9}.Release|Any CPU.ActiveCfg = Release|Any CPU
		{5D697FA2-3F7A-4722-BBAE-80D32166F3B9}.Release|Any CPU.Build.0 = Release|Any CPU
		{A82ADCFF-BD80-4498-B2DF-73B2FFDF03CC}.Debug_Cosmos|Any CPU.ActiveCfg = Debug_Cosmos|Any CPU
		{A82ADCFF-BD80-4498-B2DF-73B2FFDF03CC}.Debug_Cosmos|Any CPU.Build.0 = Debug_Cosmos|Any CPU
		{A82ADCFF-BD80-4498-B2DF-73B2FFDF03CC}.Debug_Sqlite|Any CPU.ActiveCfg = Debug_Sqlite|Any CPU
		{A82ADCFF-BD80-4498-B2DF-73B2FFDF03CC}.Debug_Sqlite|Any CPU.Build.0 = Debug_Sqlite|Any CPU
		{A82ADCFF-BD80-4498-B2DF-73B2FFDF03CC}.Debug_SqlServer|Any CPU.ActiveCfg = Debug_SqlServer|Any CPU
		{A82ADCFF-BD80-4498-B2DF-73B2FFDF03CC}.Debug_SqlServer|Any CPU.Build.0 = Debug_SqlServer|Any CPU
		{A82ADCFF-BD80-4498-B2DF-73B2FFDF03CC}.Debug|Any CPU.ActiveCfg = Debug|Any CPU
		{A82ADCFF-BD80-4498-B2DF-73B2FFDF03CC}.Debug|Any CPU.Build.0 = Debug|Any CPU
		{A82ADCFF-BD80-4498-B2DF-73B2FFDF03CC}.Release_Cosmos|Any CPU.ActiveCfg = Release_Cosmos|Any CPU
		{A82ADCFF-BD80-4498-B2DF-73B2FFDF03CC}.Release_Cosmos|Any CPU.Build.0 = Release_Cosmos|Any CPU
		{A82ADCFF-BD80-4498-B2DF-73B2FFDF03CC}.Release_Sqlite|Any CPU.ActiveCfg = Release_Sqlite|Any CPU
		{A82ADCFF-BD80-4498-B2DF-73B2FFDF03CC}.Release_Sqlite|Any CPU.Build.0 = Release_Sqlite|Any CPU
		{A82ADCFF-BD80-4498-B2DF-73B2FFDF03CC}.Release_SqlServer|Any CPU.ActiveCfg = Release_SqlServer|Any CPU
		{A82ADCFF-BD80-4498-B2DF-73B2FFDF03CC}.Release_SqlServer|Any CPU.Build.0 = Release_SqlServer|Any CPU
		{A82ADCFF-BD80-4498-B2DF-73B2FFDF03CC}.Release|Any CPU.ActiveCfg = Release|Any CPU
		{A82ADCFF-BD80-4498-B2DF-73B2FFDF03CC}.Release|Any CPU.Build.0 = Release|Any CPU
		{06F58A0F-FB08-4F36-A532-BE210B1AC05D}.Debug_Cosmos|Any CPU.ActiveCfg = Debug_Cosmos|Any CPU
		{06F58A0F-FB08-4F36-A532-BE210B1AC05D}.Debug_Cosmos|Any CPU.Build.0 = Debug_Cosmos|Any CPU
		{06F58A0F-FB08-4F36-A532-BE210B1AC05D}.Debug_Sqlite|Any CPU.ActiveCfg = Debug_Sqlite|Any CPU
		{06F58A0F-FB08-4F36-A532-BE210B1AC05D}.Debug_Sqlite|Any CPU.Build.0 = Debug_Sqlite|Any CPU
		{06F58A0F-FB08-4F36-A532-BE210B1AC05D}.Debug_SqlServer|Any CPU.ActiveCfg = Debug_SqlServer|Any CPU
		{06F58A0F-FB08-4F36-A532-BE210B1AC05D}.Debug_SqlServer|Any CPU.Build.0 = Debug_SqlServer|Any CPU
		{06F58A0F-FB08-4F36-A532-BE210B1AC05D}.Debug|Any CPU.ActiveCfg = Debug|Any CPU
		{06F58A0F-FB08-4F36-A532-BE210B1AC05D}.Debug|Any CPU.Build.0 = Debug|Any CPU
		{06F58A0F-FB08-4F36-A532-BE210B1AC05D}.Release_Cosmos|Any CPU.ActiveCfg = Release_Cosmos|Any CPU
		{06F58A0F-FB08-4F36-A532-BE210B1AC05D}.Release_Cosmos|Any CPU.Build.0 = Release_Cosmos|Any CPU
		{06F58A0F-FB08-4F36-A532-BE210B1AC05D}.Release_Sqlite|Any CPU.ActiveCfg = Release_Sqlite|Any CPU
		{06F58A0F-FB08-4F36-A532-BE210B1AC05D}.Release_Sqlite|Any CPU.Build.0 = Release_Sqlite|Any CPU
		{06F58A0F-FB08-4F36-A532-BE210B1AC05D}.Release_SqlServer|Any CPU.ActiveCfg = Release_SqlServer|Any CPU
		{06F58A0F-FB08-4F36-A532-BE210B1AC05D}.Release_SqlServer|Any CPU.Build.0 = Release_SqlServer|Any CPU
		{06F58A0F-FB08-4F36-A532-BE210B1AC05D}.Release|Any CPU.ActiveCfg = Release|Any CPU
		{06F58A0F-FB08-4F36-A532-BE210B1AC05D}.Release|Any CPU.Build.0 = Release|Any CPU
	EndGlobalSection
	GlobalSection(SolutionProperties) = preSolution
		HideSolutionNode = FALSE
	EndGlobalSection
	GlobalSection(NestedProjects) = preSolution
		{D7547D16-4A37-4105-8117-DD5B1BFE5290} = {323BFDAC-6243-4C15-A95B-32B138DD8FB0}
		{8E30F4E5-F7AE-42E1-9C28-DD719E6316FC} = {A6839E73-8B9E-4684-84E6-E09A1F974B52}
		{A1BE6DF6-2713-4E69-ABB0-C3CBBBA39FC0} = {A6839E73-8B9E-4684-84E6-E09A1F974B52}
		{1F0DF724-F874-47C5-AF5D-008B06355C96} = {8E30F4E5-F7AE-42E1-9C28-DD719E6316FC}
		{8D1EC29B-1AD9-4EC5-8EAD-76121F74B4B0} = {6780E7FC-3DE6-48F2-8B39-74D2E786139D}
		{869E2EBA-74BF-429A-B79C-6338D1510A9B} = {8E30F4E5-F7AE-42E1-9C28-DD719E6316FC}
		{0949F008-34E0-48AE-84FB-738069731F0E} = {7AB03659-E09F-4B6A-848C-8276D9ED31DD}
		{76329E4D-7AE1-46C7-9D8C-432E541AA4E5} = {96AC4030-DACF-4EDF-87A5-46C0C4834F8A}
		{E3DC65FC-BF57-46FE-9C06-600A2E71D90F} = {7AB03659-E09F-4B6A-848C-8276D9ED31DD}
		{6EBCC26B-41AD-4C64-B87B-52AF1475515B} = {8E30F4E5-F7AE-42E1-9C28-DD719E6316FC}
		{8A01260C-C083-4296-B6F5-01E1FCEA3CA5} = {7AB03659-E09F-4B6A-848C-8276D9ED31DD}
		{B40192ED-5654-4615-8EA9-57C34E082615} = {323BFDAC-6243-4C15-A95B-32B138DD8FB0}
		{EE2128E2-AF82-4C33-9026-1B19964C0B31} = {96AC4030-DACF-4EDF-87A5-46C0C4834F8A}
		{DBF65EEF-8E80-4EA8-BDC2-2C43B8AA2666} = {96AC4030-DACF-4EDF-87A5-46C0C4834F8A}
		{FF754EF2-E8A3-4742-98BE-81E110031EC7} = {7AB03659-E09F-4B6A-848C-8276D9ED31DD}
		{E52949B0-FCF3-4B10-9088-06D56B1ABB24} = {7AB03659-E09F-4B6A-848C-8276D9ED31DD}
		{E3F7140A-7182-44AC-B973-009CC2419087} = {CC538074-51DB-436A-9C1E-115C19D7AC69}
		{6A898C52-A010-479F-8443-5A3D0AC54786} = {96AC4030-DACF-4EDF-87A5-46C0C4834F8A}
		{38EF1922-BA5D-40B2-821D-D8FDA417DAD6} = {E3F7140A-7182-44AC-B973-009CC2419087}
		{7AB03659-E09F-4B6A-848C-8276D9ED31DD} = {C06148F4-15C2-44AF-9C80-F633DCAF3920}
		{CC538074-51DB-436A-9C1E-115C19D7AC69} = {C06148F4-15C2-44AF-9C80-F633DCAF3920}
		{92123B87-4D25-41D7-A6F6-2B30165962D3} = {FF754EF2-E8A3-4742-98BE-81E110031EC7}
		{A57CAE0B-EE9A-444F-A8D6-9DAC9EEB4D7A} = {E52949B0-FCF3-4B10-9088-06D56B1ABB24}
		{6780E7FC-3DE6-48F2-8B39-74D2E786139D} = {CC538074-51DB-436A-9C1E-115C19D7AC69}
		{3968994B-2704-4C62-AADF-FA867A05C60C} = {7AB03659-E09F-4B6A-848C-8276D9ED31DD}
		{A675CCD6-F2F1-4BC9-93B8-70493F29995C} = {7AB03659-E09F-4B6A-848C-8276D9ED31DD}
		{943970A3-2C95-4B43-B24D-E36BF3A82B63} = {FF754EF2-E8A3-4742-98BE-81E110031EC7}
		{5D697FA2-3F7A-4722-BBAE-80D32166F3B9} = {FF754EF2-E8A3-4742-98BE-81E110031EC7}
		{A82ADCFF-BD80-4498-B2DF-73B2FFDF03CC} = {E52949B0-FCF3-4B10-9088-06D56B1ABB24}
		{06F58A0F-FB08-4F36-A532-BE210B1AC05D} = {E52949B0-FCF3-4B10-9088-06D56B1ABB24}
	EndGlobalSection
	GlobalSection(ExtensibilityGlobals) = postSolution
		SolutionGuid = {2C3B2B12-9834-4C19-8682-DC85A58E8812}
	EndGlobalSection
EndGlobal
